{
  "name": "rscopes",
  "version": "1.0.6",
  "lockfileVersion": 1,
  "requires": true,
  "dependencies": {
    "is": {
      "version": "3.2.1",
      "resolved": "https://registry.npmjs.org/is/-/is-3.2.1.tgz",
      "integrity": "sha1-0Kwq1V63sL7JJqUmb2xmKqqD3KU="
    },
    "react-rescope": {
      "version": "4.0.0-beta.3",
      "resolved": "https://registry.npmjs.org/react-rescope/-/react-rescope-4.0.0-beta.3.tgz",
      "integrity": "sha512-HXiJW1OoGaaPeOIwhb00BQABXMG72o9P5MkfeaR6MOEfeq+p589ySTUQg57xOkh/9X1zMdrPjHhRlq1h6G1fTQ==",
      "requires": {
        "is": "3.2.1",
        "rescope": "4.0.0-beta.2"
      }
    },
    "rescope": {
      "version": "4.0.0-beta.2",
      "resolved": "https://registry.npmjs.org/rescope/-/rescope-4.0.0-beta.2.tgz",
      "integrity": "sha512-0YWT7E85LQRPGop/trCt2r1Yh1RdmjZ1nkDrUnUKugYiGEXWJeHS4lV6DqRnsZs+bBiRanpiNDtkmPFukkPqng==",
      "requires": {
        "is": "3.2.1",
        "shortid": "2.2.8"
      }
    },
    "rescope-spells": {
      "version": "4.0.0-beta.2",
      "resolved": "https://registry.npmjs.org/rescope-spells/-/rescope-spells-4.0.0-beta.2.tgz",
      "integrity": "sha512-iE9NJd+D/NuX+NKNtub8hIxffBRTpVD47uAuzvpupUq8m7gz0WnuR/faq/c0Gdcf2dhXj/E8BzMbDgGhvMSFmA==",
      "requires": {
        "is": "3.2.1",
        "shortid": "2.2.8"
      }
    },
    "shortid": {
      "version": "2.2.8",
      "resolved": "https://registry.npmjs.org/shortid/-/shortid-2.2.8.tgz",
      "integrity": "sha1-AzsRfWoul1gE9vCWnb59PQs1UTE="
    }
  }
}
